
Microsoft Visual Studio Solution File, Format Version 12.00
# Visual Studio Version 16
VisualStudioVersion = 16.0.30523.141
MinimumVisualStudioVersion = 10.0.40219.1
Project("{FAE04EC0-301F-11D3-BF4B-00C04F79EFBC}") = "DailyReport", "DailyReport\DailyReport.csproj", "{EADA188B-43FC-47EC-A8C4-506493649573}"
EndProject
Global
	GlobalSection(SolutionConfigurationPlatforms) = preSolution
		Debug|Any CPU = Debug|Any CPU
		Release|Any CPU = Release|Any CPU
	EndGlobalSection
	GlobalSection(ProjectConfigurationPlatforms) = postSolution
		{EADA188B-43FC-47EC-A8C4-506493649573}.Debug|Any CPU.ActiveCfg = Debug|Any CPU
		{EADA188B-43FC-47EC-A8C4-506493649573}.Debug|Any CPU.Build.0 = Debug|Any CPU
		{EADA188B-43FC-47EC-A8C4-506493649573}.Release|Any CPU.ActiveCfg = Release|Any CPU
		{EADA188B-43FC-47EC-A8C4-506493649573}.Release|Any CPU.Build.0 = Release|Any CPU
	EndGlobalSection
	GlobalSection(SolutionProperties) = preSolution
		HideSolutionNode = FALSE
	EndGlobalSection
	GlobalSection(ExtensibilityGlobals) = postSolution
		SolutionGuid = {C76C1691-0BE5-453B-8762-211BA94E8977}
	EndGlobalSection
EndGlobal
