
Microsoft Visual Studio Solution File, Format Version 12.00
# Visual Studio Version 16
VisualStudioVersion = 16.0.30523.141
MinimumVisualStudioVersion = 10.0.40219.1
Project("{FAE04EC0-301F-11D3-BF4B-00C04F79EFBC}") = "MathConsoleApp", "MathConsoleApp\MathConsoleApp.csproj", "{58D30BF3-6C9F-4E8D-BC21-3EE49271F4E3}"
EndProject
Global
	GlobalSection(SolutionConfigurationPlatforms) = preSolution
		Debug|Any CPU = Debug|Any CPU
		Release|Any CPU = Release|Any CPU
	EndGlobalSection
	GlobalSection(ProjectConfigurationPlatforms) = postSolution
		{58D30BF3-6C9F-4E8D-BC21-3EE49271F4E3}.Debug|Any CPU.ActiveCfg = Debug|Any CPU
		{58D30BF3-6C9F-4E8D-BC21-3EE49271F4E3}.Debug|Any CPU.Build.0 = Debug|Any CPU
		{58D30BF3-6C9F-4E8D-BC21-3EE49271F4E3}.Release|Any CPU.ActiveCfg = Release|Any CPU
		{58D30BF3-6C9F-4E8D-BC21-3EE49271F4E3}.Release|Any CPU.Build.0 = Release|Any CPU
	EndGlobalSection
	GlobalSection(SolutionProperties) = preSolution
		HideSolutionNode = FALSE
	EndGlobalSection
	GlobalSection(ExtensibilityGlobals) = postSolution
		SolutionGuid = {C4F3DF35-84F4-4E8E-AE70-A5102853E451}
	EndGlobalSection
EndGlobal
